
Microsoft Visual Studio Solution File, Format Version 12.00
# Visual Studio 15
VisualStudioVersion = 15.0.28307.489
MinimumVisualStudioVersion = 10.0.40219.1
Project("{FAE04EC0-301F-11D3-BF4B-00C04F79EFBC}") = "CurveApp", "CurveApp\CurveApp.csproj", "{406F01C1-238D-42C3-846D-0D5394879308}"
EndProject
Project("{FAE04EC0-301F-11D3-BF4B-00C04F79EFBC}") = "TestSendData", "TestSendData\TestSendData.csproj", "{B4DFBA75-18FA-4400-8FDF-4165A2DE9703}"
EndProject
Global
	GlobalSection(SolutionConfigurationPlatforms) = preSolution
		Debug|Any CPU = Debug|Any CPU
		Release|Any CPU = Release|Any CPU
	EndGlobalSection
	GlobalSection(ProjectConfigurationPlatforms) = postSolution
		{406F01C1-238D-42C3-846D-0D5394879308}.Debug|Any CPU.ActiveCfg = Debug|Any CPU
		{406F01C1-238D-42C3-846D-0D5394879308}.Debug|Any CPU.Build.0 = Debug|Any CPU
		{406F01C1-238D-42C3-846D-0D5394879308}.Release|Any CPU.ActiveCfg = Release|Any CPU
		{406F01C1-238D-42C3-846D-0D5394879308}.Release|Any CPU.Build.0 = Release|Any CPU
		{B4DFBA75-18FA-4400-8FDF-4165A2DE9703}.Debug|Any CPU.ActiveCfg = Debug|Any CPU
		{B4DFBA75-18FA-4400-8FDF-4165A2DE9703}.Debug|Any CPU.Build.0 = Debug|Any CPU
		{B4DFBA75-18FA-4400-8FDF-4165A2DE9703}.Release|Any CPU.ActiveCfg = Release|Any CPU
		{B4DFBA75-18FA-4400-8FDF-4165A2DE9703}.Release|Any CPU.Build.0 = Release|Any CPU
	EndGlobalSection
	GlobalSection(SolutionProperties) = preSolution
		HideSolutionNode = FALSE
	EndGlobalSection
	GlobalSection(ExtensibilityGlobals) = postSolution
		SolutionGuid = {3C73572D-CBBF-4775-A870-F8F905BE3D6F}
	EndGlobalSection
EndGlobal
